
Microsoft Visual Studio Solution File, Format Version 12.00
# Visual Studio Version 17
VisualStudioVersion = 17.0.31903.59
MinimumVisualStudioVersion = 10.0.40219.1
Project("{2150E333-8FDC-42A3-9474-1A3956D46DE8}") = "Core", "Core", "{75B82A88-1A3E-49D8-8A3C-2F8C99BC7393}"
EndProject
Project("{2150E333-8FDC-42A3-9474-1A3956D46DE8}") = "Api", "Api", "{FE70F522-82B7-4D05-A229-C899B918C94B}"
EndProject
Project("{2150E333-8FDC-42A3-9474-1A3956D46DE8}") = "Test", "Test", "{2FE3426E-ABBE-4F01-9A93-0591C312174F}"
EndProject
Project("{9A19103F-16F7-4668-BE54-9A1E7A4F7556}") = "FinanceiroPessoal.API", "FinanceiroPessoal.API\FinanceiroPessoal.API.csproj", "{9EEF2E8D-2F6B-41F6-AC3C-4A19699AE8B9}"
EndProject
Project("{9A19103F-16F7-4668-BE54-9A1E7A4F7556}") = "FinanceiroPessoal.Dominio", "FinanceiroPessoal.Dominio\FinanceiroPessoal.Dominio.csproj", "{D1DA109A-49BE-46A1-B3D0-77AF65129679}"
EndProject
Project("{9A19103F-16F7-4668-BE54-9A1E7A4F7556}") = "FinanceiroPessoal.Infraestrutura", "FinanceiroPessoal.Infraestrutura\FinanceiroPessoal.Infraestrutura.csproj", "{D3713AE0-7A36-4070-A0B4-CA02EA50DFCD}"
EndProject
Project("{9A19103F-16F7-4668-BE54-9A1E7A4F7556}") = "FinanceiroPessoal.Integracao", "FinanceiroPessoal.Integracao\FinanceiroPessoal.Integracao.csproj", "{797E2146-15C5-4AFE-8DF3-F82692BAE70E}"
EndProject
Project("{9A19103F-16F7-4668-BE54-9A1E7A4F7556}") = "FinanceiroPessoal.Teste", "FinanceiroPessoal.Teste\FinanceiroPessoal.Teste.csproj", "{9A716CAE-21FB-4A8E-AEE9-768C1E745F65}"
EndProject
Project("{2150E333-8FDC-42A3-9474-1A3956D46DE8}") = "Application", "Application", "{BC5DD2ED-0C68-494E-89AF-EE169A76C5E3}"
EndProject
Project("{9A19103F-16F7-4668-BE54-9A1E7A4F7556}") = "FinanceiroPessoal.Aplicacao", "FinanceiroPessoal.Aplicacao\FinanceiroPessoal.Aplicacao.csproj", "{7C579F92-6F17-4CDC-9B5F-0931882E03A7}"
EndProject
Project("{E53339B2-1760-4266-BCC7-CA923CBCF16C}") = "docker-compose", "docker-compose.dcproj", "{3B2CA08C-68E9-45A1-B8FF-46A81DC68426}"
EndProject
Project("{FAE04EC0-301F-11D3-BF4B-00C04F79EFBC}") = "FinanceiroPessoal.Utilitarios", "FinanceiroPessoal.Utilitarios\FinanceiroPessoal.Utilitarios.csproj", "{BB83AC1B-30CD-40B5-9B8B-FA10694FB8B8}"
EndProject
Global
	GlobalSection(SolutionConfigurationPlatforms) = preSolution
		Debug|Any CPU = Debug|Any CPU
		Release|Any CPU = Release|Any CPU
	EndGlobalSection
	GlobalSection(ProjectConfigurationPlatforms) = postSolution
		{9EEF2E8D-2F6B-41F6-AC3C-4A19699AE8B9}.Debug|Any CPU.ActiveCfg = Debug|Any CPU
		{9EEF2E8D-2F6B-41F6-AC3C-4A19699AE8B9}.Debug|Any CPU.Build.0 = Debug|Any CPU
		{9EEF2E8D-2F6B-41F6-AC3C-4A19699AE8B9}.Release|Any CPU.ActiveCfg = Release|Any CPU
		{9EEF2E8D-2F6B-41F6-AC3C-4A19699AE8B9}.Release|Any CPU.Build.0 = Release|Any CPU
		{D1DA109A-49BE-46A1-B3D0-77AF65129679}.Debug|Any CPU.ActiveCfg = Debug|Any CPU
		{D1DA109A-49BE-46A1-B3D0-77AF65129679}.Debug|Any CPU.Build.0 = Debug|Any CPU
		{D1DA109A-49BE-46A1-B3D0-77AF65129679}.Release|Any CPU.ActiveCfg = Release|Any CPU
		{D1DA109A-49BE-46A1-B3D0-77AF65129679}.Release|Any CPU.Build.0 = Release|Any CPU
		{D3713AE0-7A36-4070-A0B4-CA02EA50DFCD}.Debug|Any CPU.ActiveCfg = Debug|Any CPU
		{D3713AE0-7A36-4070-A0B4-CA02EA50DFCD}.Debug|Any CPU.Build.0 = Debug|Any CPU
		{D3713AE0-7A36-4070-A0B4-CA02EA50DFCD}.Release|Any CPU.ActiveCfg = Release|Any CPU
		{D3713AE0-7A36-4070-A0B4-CA02EA50DFCD}.Release|Any CPU.Build.0 = Release|Any CPU
		{797E2146-15C5-4AFE-8DF3-F82692BAE70E}.Debug|Any CPU.ActiveCfg = Debug|Any CPU
		{797E2146-15C5-4AFE-8DF3-F82692BAE70E}.Debug|Any CPU.Build.0 = Debug|Any CPU
		{797E2146-15C5-4AFE-8DF3-F82692BAE70E}.Release|Any CPU.ActiveCfg = Release|Any CPU
		{797E2146-15C5-4AFE-8DF3-F82692BAE70E}.Release|Any CPU.Build.0 = Release|Any CPU
		{9A716CAE-21FB-4A8E-AEE9-768C1E745F65}.Debug|Any CPU.ActiveCfg = Debug|Any CPU
		{9A716CAE-21FB-4A8E-AEE9-768C1E745F65}.Debug|Any CPU.Build.0 = Debug|Any CPU
		{9A716CAE-21FB-4A8E-AEE9-768C1E745F65}.Release|Any CPU.ActiveCfg = Release|Any CPU
		{9A716CAE-21FB-4A8E-AEE9-768C1E745F65}.Release|Any CPU.Build.0 = Release|Any CPU
		{7C579F92-6F17-4CDC-9B5F-0931882E03A7}.Debug|Any CPU.ActiveCfg = Debug|Any CPU
		{7C579F92-6F17-4CDC-9B5F-0931882E03A7}.Debug|Any CPU.Build.0 = Debug|Any CPU
		{7C579F92-6F17-4CDC-9B5F-0931882E03A7}.Release|Any CPU.ActiveCfg = Release|Any CPU
		{7C579F92-6F17-4CDC-9B5F-0931882E03A7}.Release|Any CPU.Build.0 = Release|Any CPU
		{3B2CA08C-68E9-45A1-B8FF-46A81DC68426}.Debug|Any CPU.ActiveCfg = Debug|Any CPU
		{3B2CA08C-68E9-45A1-B8FF-46A81DC68426}.Debug|Any CPU.Build.0 = Debug|Any CPU
		{3B2CA08C-68E9-45A1-B8FF-46A81DC68426}.Release|Any CPU.ActiveCfg = Release|Any CPU
		{3B2CA08C-68E9-45A1-B8FF-46A81DC68426}.Release|Any CPU.Build.0 = Release|Any CPU
		{BB83AC1B-30CD-40B5-9B8B-FA10694FB8B8}.Debug|Any CPU.ActiveCfg = Debug|Any CPU
		{BB83AC1B-30CD-40B5-9B8B-FA10694FB8B8}.Debug|Any CPU.Build.0 = Debug|Any CPU
		{BB83AC1B-30CD-40B5-9B8B-FA10694FB8B8}.Release|Any CPU.ActiveCfg = Release|Any CPU
		{BB83AC1B-30CD-40B5-9B8B-FA10694FB8B8}.Release|Any CPU.Build.0 = Release|Any CPU
	EndGlobalSection
	GlobalSection(SolutionProperties) = preSolution
		HideSolutionNode = FALSE
	EndGlobalSection
	GlobalSection(NestedProjects) = preSolution
		{9EEF2E8D-2F6B-41F6-AC3C-4A19699AE8B9} = {FE70F522-82B7-4D05-A229-C899B918C94B}
		{D1DA109A-49BE-46A1-B3D0-77AF65129679} = {75B82A88-1A3E-49D8-8A3C-2F8C99BC7393}
		{D3713AE0-7A36-4070-A0B4-CA02EA50DFCD} = {75B82A88-1A3E-49D8-8A3C-2F8C99BC7393}
		{797E2146-15C5-4AFE-8DF3-F82692BAE70E} = {75B82A88-1A3E-49D8-8A3C-2F8C99BC7393}
		{9A716CAE-21FB-4A8E-AEE9-768C1E745F65} = {2FE3426E-ABBE-4F01-9A93-0591C312174F}
		{7C579F92-6F17-4CDC-9B5F-0931882E03A7} = {BC5DD2ED-0C68-494E-89AF-EE169A76C5E3}
		{BB83AC1B-30CD-40B5-9B8B-FA10694FB8B8} = {75B82A88-1A3E-49D8-8A3C-2F8C99BC7393}
	EndGlobalSection
	GlobalSection(ExtensibilityGlobals) = postSolution
		SolutionGuid = {363116E3-228D-4DE6-86BA-C986056A837A}
	EndGlobalSection
EndGlobal
